github.com/likexian/whois v1.15.7 h1:sajjDhi2bVD71AHJhjV7jLYxN92H4AWhTwxM8hmj7c0=
github.com/likexian/whois v1.15.7/go.mod h1:kdPQtYb+7SQVftBEbCblDadUkycN7Mg1k1/Li/rwvmc=
golang.org/x/net v0.48.0 h1:zyQRTTrjc33Lhh0fBgT/H3oZq9WuvRR5gPC70xpDiQU=
golang.org/x/net v0.48.0/go.mod h1:+ndRgGjkh8FGtu1w1FGbEC31if4VrNVMuKTgcAAnQRY=
